
Microsoft Visual Studio Solution File, Format Version 12.00
# Visual Studio Version 16
VisualStudioVersion = 16.0.30503.244
MinimumVisualStudioVersion = 10.0.40219.1
Project("{FAE04EC0-301F-11D3-BF4B-00C04F79EFBC}") = "WebApplication6", "WebApplication6.csproj", "{654741B1-664C-4F40-8502-B99AA753A59A}"
EndProject
Global
	GlobalSection(SolutionConfigurationPlatforms) = preSolution
		Debug|Any CPU = Debug|Any CPU
		Release|Any CPU = Release|Any CPU
	EndGlobalSection
	GlobalSection(ProjectConfigurationPlatforms) = postSolution
		{654741B1-664C-4F40-8502-B99AA753A59A}.Debug|Any CPU.ActiveCfg = Debug|Any CPU
		{654741B1-664C-4F40-8502-B99AA753A59A}.Debug|Any CPU.Build.0 = Debug|Any CPU
		{654741B1-664C-4F40-8502-B99AA753A59A}.Release|Any CPU.ActiveCfg = Release|Any CPU
		{654741B1-664C-4F40-8502-B99AA753A59A}.Release|Any CPU.Build.0 = Release|Any CPU
	EndGlobalSection
	GlobalSection(SolutionProperties) = preSolution
		HideSolutionNode = FALSE
	EndGlobalSection
	GlobalSection(ExtensibilityGlobals) = postSolution
		SolutionGuid = {B4B03992-D76C-4D3B-9A36-F721F28AE07B}
	EndGlobalSection
EndGlobal
